<?xml version="1.0" encoding="utf-8"?>
<Project ToolsVersion="4.0" xmlns="http://schemas.microsoft.com/developer/msbuild/2003">
  <ItemGroup>
    <ClCompile Include="src\code\ICFactory.cpp" />
    <ClCompile Include="src\code\datastructure\IC.cpp" />
    <ClCompile Include="src\code\datastructure\Layer.cpp" />
    <ClCompile Include="src\code\datastructure\Polygon.cpp" />
    <ClCompile Include="src\code\Main.cpp" />
    <ClCompile Include="src\code\fileimport\ImportInterface.cpp" />
    <ClCompile Include="src\code\fileimport\Gds2Import.cpp" />
    <ClCompile Include="src\code\datastructure\Gds2Structure.cpp" />
    <ClCompile Include="src\code\datastructure\StructRef.cpp" />
    <ClCompile Include="src\code\model\main.cpp" />
    <ClCompile Include="src\code\model\Viewer.cpp" />
    <ClCompile Include="src\code\model\ViewerInteractor.cpp" />
    <ClCompile Include="src\code\datastructure\Gds2Path.cpp" />
  </ItemGroup>
  <ItemGroup>
    <ClInclude Include="src\header\Gds2Import.h" />
    <ClInclude Include="src\header\IC.h" />
    <ClInclude Include="src\header\ICFactory.h" />
    <ClInclude Include="src\header\ImportInterface.h" />
    <ClInclude Include="src\header\Layer.h" />
    <ClInclude Include="src\header\Polygon.h" />
    <ClInclude Include="src\header\Gds2Structure.h" />
    <ClInclude Include="src\header\StructRef.h" />
    <ClInclude Include="src\header\Viewer.h" />
    <ClInclude Include="src\header\ViewerInteractor.h" />
    <ClInclude Include="src\header\Gds2Path.h" />
  </ItemGroup>
</Project>